
Microsoft Visual Studio Solution File, Format Version 12.00
# Visual Studio Version 17
VisualStudioVersion = 17.7.34221.43
MinimumVisualStudioVersion = 10.0.40219.1
Project("{FAE04EC0-301F-11D3-BF4B-00C04F79EFBC}") = "Signal_RR", "Signal_RR\Signal_RR.csproj", "{39108BA7-DB49-4396-A6CF-55203A262A2B}"
EndProject
Global
	GlobalSection(SolutionConfigurationPlatforms) = preSolution
		Debug|Any CPU = Debug|Any CPU
		Release|Any CPU = Release|Any CPU
	EndGlobalSection
	GlobalSection(ProjectConfigurationPlatforms) = postSolution
		{39108BA7-DB49-4396-A6CF-55203A262A2B}.Debug|Any CPU.ActiveCfg = Debug|Any CPU
		{39108BA7-DB49-4396-A6CF-55203A262A2B}.Debug|Any CPU.Build.0 = Debug|Any CPU
		{39108BA7-DB49-4396-A6CF-55203A262A2B}.Release|Any CPU.ActiveCfg = Release|Any CPU
		{39108BA7-DB49-4396-A6CF-55203A262A2B}.Release|Any CPU.Build.0 = Release|Any CPU
	EndGlobalSection
	GlobalSection(SolutionProperties) = preSolution
		HideSolutionNode = FALSE
	EndGlobalSection
	GlobalSection(ExtensibilityGlobals) = postSolution
		SolutionGuid = {68994F70-65EA-4678-BB18-BCBB7F6AC7E3}
	EndGlobalSection
EndGlobal
